{
  "name": "自我介绍",
  "lockfileVersion": 2,
  "requires": true,
  "packages": {
    "": {
      "dependencies": {
        "@dcloudio/uni-ui": "^1.4.28"
      }
    },
    "node_modules/@dcloudio/uni-ui": {
      "version": "1.4.28",
      "resolved": "https://registry.npmmirror.com/@dcloudio/uni-ui/-/uni-ui-1.4.28.tgz",
      "integrity": "sha512-e/lSbvR79KH9+d3D4ueNbvD6szigjO/5IyjBNmiTqaj0PTS324fBV3L6f3s1qpkYonM4rdOl000hVOcAg6Gh/A=="
    }
  },
  "dependencies": {
    "@dcloudio/uni-ui": {
      "version": "1.4.28",
      "resolved": "https://registry.npmmirror.com/@dcloudio/uni-ui/-/uni-ui-1.4.28.tgz",
      "integrity": "sha512-e/lSbvR79KH9+d3D4ueNbvD6szigjO/5IyjBNmiTqaj0PTS324fBV3L6f3s1qpkYonM4rdOl000hVOcAg6Gh/A=="
    }
  }
}
